
Microsoft Visual Studio Solution File, Format Version 12.00
# Visual Studio Version 16
VisualStudioVersion = 16.6.30114.105
MinimumVisualStudioVersion = 10.0.40219.1
Project("{FAE04EC0-301F-11D3-BF4B-00C04F79EFBC}") = "MsTest224DataTestBugLib", "MsTest224DataTestBugLib\MsTest224DataTestBugLib.csproj", "{130260F2-E999-4D7E-B03A-FEF2829AF4C2}"
EndProject
Project("{2150E333-8FDC-42A3-9474-1A3956D46DE8}") = "Tests", "Tests", "{085FE349-AA8D-4AC2-91AF-226C804427AF}"
EndProject
Project("{FAE04EC0-301F-11D3-BF4B-00C04F79EFBC}") = "MsTest224DataTestBugLibTests", "Tests\MsTest224DataTestBugLibTests\MsTest224DataTestBugLibTests.csproj", "{F249155D-4F36-4993-8488-44DFBC6D4DC1}"
EndProject
Global
	GlobalSection(SolutionConfigurationPlatforms) = preSolution
		Debug|Any CPU = Debug|Any CPU
		Debug|x64 = Debug|x64
		Debug|x86 = Debug|x86
		Release|Any CPU = Release|Any CPU
		Release|x64 = Release|x64
		Release|x86 = Release|x86
	EndGlobalSection
	GlobalSection(SolutionProperties) = preSolution
		HideSolutionNode = FALSE
	EndGlobalSection
	GlobalSection(ProjectConfigurationPlatforms) = postSolution
		{130260F2-E999-4D7E-B03A-FEF2829AF4C2}.Debug|Any CPU.ActiveCfg = Debug|Any CPU
		{130260F2-E999-4D7E-B03A-FEF2829AF4C2}.Debug|Any CPU.Build.0 = Debug|Any CPU
		{130260F2-E999-4D7E-B03A-FEF2829AF4C2}.Debug|x64.ActiveCfg = Debug|Any CPU
		{130260F2-E999-4D7E-B03A-FEF2829AF4C2}.Debug|x64.Build.0 = Debug|Any CPU
		{130260F2-E999-4D7E-B03A-FEF2829AF4C2}.Debug|x86.ActiveCfg = Debug|Any CPU
		{130260F2-E999-4D7E-B03A-FEF2829AF4C2}.Debug|x86.Build.0 = Debug|Any CPU
		{130260F2-E999-4D7E-B03A-FEF2829AF4C2}.Release|Any CPU.ActiveCfg = Release|Any CPU
		{130260F2-E999-4D7E-B03A-FEF2829AF4C2}.Release|Any CPU.Build.0 = Release|Any CPU
		{130260F2-E999-4D7E-B03A-FEF2829AF4C2}.Release|x64.ActiveCfg = Release|Any CPU
		{130260F2-E999-4D7E-B03A-FEF2829AF4C2}.Release|x64.Build.0 = Release|Any CPU
		{130260F2-E999-4D7E-B03A-FEF2829AF4C2}.Release|x86.ActiveCfg = Release|Any CPU
		{130260F2-E999-4D7E-B03A-FEF2829AF4C2}.Release|x86.Build.0 = Release|Any CPU
		{F249155D-4F36-4993-8488-44DFBC6D4DC1}.Debug|Any CPU.ActiveCfg = Debug|Any CPU
		{F249155D-4F36-4993-8488-44DFBC6D4DC1}.Debug|Any CPU.Build.0 = Debug|Any CPU
		{F249155D-4F36-4993-8488-44DFBC6D4DC1}.Debug|x64.ActiveCfg = Debug|Any CPU
		{F249155D-4F36-4993-8488-44DFBC6D4DC1}.Debug|x64.Build.0 = Debug|Any CPU
		{F249155D-4F36-4993-8488-44DFBC6D4DC1}.Debug|x86.ActiveCfg = Debug|Any CPU
		{F249155D-4F36-4993-8488-44DFBC6D4DC1}.Debug|x86.Build.0 = Debug|Any CPU
		{F249155D-4F36-4993-8488-44DFBC6D4DC1}.Release|Any CPU.ActiveCfg = Release|Any CPU
		{F249155D-4F36-4993-8488-44DFBC6D4DC1}.Release|Any CPU.Build.0 = Release|Any CPU
		{F249155D-4F36-4993-8488-44DFBC6D4DC1}.Release|x64.ActiveCfg = Release|Any CPU
		{F249155D-4F36-4993-8488-44DFBC6D4DC1}.Release|x64.Build.0 = Release|Any CPU
		{F249155D-4F36-4993-8488-44DFBC6D4DC1}.Release|x86.ActiveCfg = Release|Any CPU
		{F249155D-4F36-4993-8488-44DFBC6D4DC1}.Release|x86.Build.0 = Release|Any CPU
	EndGlobalSection
	GlobalSection(NestedProjects) = preSolution
		{F249155D-4F36-4993-8488-44DFBC6D4DC1} = {085FE349-AA8D-4AC2-91AF-226C804427AF}
	EndGlobalSection
EndGlobal
